
Microsoft Visual Studio Solution File, Format Version 12.00
# Visual Studio Version 17
VisualStudioVersion = 17.7.34024.191
MinimumVisualStudioVersion = 10.0.40219.1
Project("{FAE04EC0-301F-11D3-BF4B-00C04F79EFBC}") = "UnityDownloader", "UnityDownloader.csproj", "{831821CF-0F2E-46EC-8EFC-4080250B8DCF}"
EndProject
Global
	GlobalSection(SolutionConfigurationPlatforms) = preSolution
		Debug|Any CPU = Debug|Any CPU
		Release|Any CPU = Release|Any CPU
	EndGlobalSection
	GlobalSection(ProjectConfigurationPlatforms) = postSolution
		{831821CF-0F2E-46EC-8EFC-4080250B8DCF}.Debug|Any CPU.ActiveCfg = Debug|Any CPU
		{831821CF-0F2E-46EC-8EFC-4080250B8DCF}.Debug|Any CPU.Build.0 = Debug|Any CPU
		{831821CF-0F2E-46EC-8EFC-4080250B8DCF}.Release|Any CPU.ActiveCfg = Release|Any CPU
		{831821CF-0F2E-46EC-8EFC-4080250B8DCF}.Release|Any CPU.Build.0 = Release|Any CPU
	EndGlobalSection
	GlobalSection(SolutionProperties) = preSolution
		HideSolutionNode = FALSE
	EndGlobalSection
	GlobalSection(ExtensibilityGlobals) = postSolution
		SolutionGuid = {86286886-617D-4C63-977D-FE5E3E85C71D}
	EndGlobalSection
EndGlobal
